
Microsoft Visual Studio Solution File, Format Version 12.00
# Visual Studio Version 17
VisualStudioVersion = 17.9.34723.18
MinimumVisualStudioVersion = 10.0.40219.1
Project("{FAE04EC0-301F-11D3-BF4B-00C04F79EFBC}") = "VarmDrinkStation", "VarmDrinkStation\VarmDrinkStation.csproj", "{8FF7CFB7-8A76-4EAF-A371-98ED9B686CBF}"
EndProject
Global
	GlobalSection(SolutionConfigurationPlatforms) = preSolution
		Debug|Any CPU = Debug|Any CPU
		Release|Any CPU = Release|Any CPU
	EndGlobalSection
	GlobalSection(ProjectConfigurationPlatforms) = postSolution
		{8FF7CFB7-8A76-4EAF-A371-98ED9B686CBF}.Debug|Any CPU.ActiveCfg = Debug|Any CPU
		{8FF7CFB7-8A76-4EAF-A371-98ED9B686CBF}.Debug|Any CPU.Build.0 = Debug|Any CPU
		{8FF7CFB7-8A76-4EAF-A371-98ED9B686CBF}.Release|Any CPU.ActiveCfg = Release|Any CPU
		{8FF7CFB7-8A76-4EAF-A371-98ED9B686CBF}.Release|Any CPU.Build.0 = Release|Any CPU
	EndGlobalSection
	GlobalSection(SolutionProperties) = preSolution
		HideSolutionNode = FALSE
	EndGlobalSection
	GlobalSection(ExtensibilityGlobals) = postSolution
		SolutionGuid = {3F47B4CF-C935-485C-ACD3-62DA4DB46162}
	EndGlobalSection
EndGlobal
